
Microsoft Visual Studio Solution File, Format Version 12.00
# Visual Studio 2012
Project("{FAE04EC0-301F-11D3-BF4B-00C04F79EFBC}") = "BUPSystem", "BUPSystem\BUPSystem.csproj", "{82E85B8E-4547-42B7-98BF-076847268148}"
EndProject
Project("{FAE04EC0-301F-11D3-BF4B-00C04F79EFBC}") = "Logic Layer", "Logic Layer\Logic Layer.csproj", "{20FC05C7-A2EF-4538-BB58-264331BA35A2}"
EndProject
Global
	GlobalSection(SolutionConfigurationPlatforms) = preSolution
		Debug|Any CPU = Debug|Any CPU
		Release|Any CPU = Release|Any CPU
	EndGlobalSection
	GlobalSection(ProjectConfigurationPlatforms) = postSolution
		{82E85B8E-4547-42B7-98BF-076847268148}.Debug|Any CPU.ActiveCfg = Debug|Any CPU
		{82E85B8E-4547-42B7-98BF-076847268148}.Debug|Any CPU.Build.0 = Debug|Any CPU
		{82E85B8E-4547-42B7-98BF-076847268148}.Release|Any CPU.ActiveCfg = Release|Any CPU
		{82E85B8E-4547-42B7-98BF-076847268148}.Release|Any CPU.Build.0 = Release|Any CPU
		{20FC05C7-A2EF-4538-BB58-264331BA35A2}.Debug|Any CPU.ActiveCfg = Debug|Any CPU
		{20FC05C7-A2EF-4538-BB58-264331BA35A2}.Debug|Any CPU.Build.0 = Debug|Any CPU
		{20FC05C7-A2EF-4538-BB58-264331BA35A2}.Release|Any CPU.ActiveCfg = Release|Any CPU
		{20FC05C7-A2EF-4538-BB58-264331BA35A2}.Release|Any CPU.Build.0 = Release|Any CPU
	EndGlobalSection
	GlobalSection(SolutionProperties) = preSolution
		HideSolutionNode = FALSE
	EndGlobalSection
EndGlobal
